
Microsoft Visual Studio Solution File, Format Version 12.00
# Visual Studio Version 17
VisualStudioVersion = 17.2.32616.157
MinimumVisualStudioVersion = 10.0.40219.1
Project("{9A19103F-16F7-4668-BE54-9A1E7A4F7556}") = "DrPet.Data", "DrPet.Data\DrPet.Data.csproj", "{4B45EE63-24E2-426D-9439-D7174A7CCB54}"
EndProject
Project("{2150E333-8FDC-42A3-9474-1A3956D46DE8}") = "Solution Items", "Solution Items", "{148DF9DD-2D01-460F-8DC9-34790ED75BD5}"
	ProjectSection(SolutionItems) = preProject
		.editorconfig = .editorconfig
	EndProjectSection
EndProject
Project("{FAE04EC0-301F-11D3-BF4B-00C04F79EFBC}") = "DrPet.Bll", "DrPet.Bll\DrPet.Bll.csproj", "{D861E815-2F93-4BC1-A82B-4FC3D2FF64B7}"
EndProject
Project("{FAE04EC0-301F-11D3-BF4B-00C04F79EFBC}") = "DrPet.Web", "DrPet.Web\DrPet.Web.csproj", "{88584E8B-A40F-4F35-9343-D4609A3EB437}"
EndProject
Global
	GlobalSection(SolutionConfigurationPlatforms) = preSolution
		Debug|Any CPU = Debug|Any CPU
		Release|Any CPU = Release|Any CPU
	EndGlobalSection
	GlobalSection(ProjectConfigurationPlatforms) = postSolution
		{4B45EE63-24E2-426D-9439-D7174A7CCB54}.Debug|Any CPU.ActiveCfg = Debug|Any CPU
		{4B45EE63-24E2-426D-9439-D7174A7CCB54}.Debug|Any CPU.Build.0 = Debug|Any CPU
		{4B45EE63-24E2-426D-9439-D7174A7CCB54}.Release|Any CPU.ActiveCfg = Release|Any CPU
		{4B45EE63-24E2-426D-9439-D7174A7CCB54}.Release|Any CPU.Build.0 = Release|Any CPU
		{D861E815-2F93-4BC1-A82B-4FC3D2FF64B7}.Debug|Any CPU.ActiveCfg = Debug|Any CPU
		{D861E815-2F93-4BC1-A82B-4FC3D2FF64B7}.Debug|Any CPU.Build.0 = Debug|Any CPU
		{D861E815-2F93-4BC1-A82B-4FC3D2FF64B7}.Release|Any CPU.ActiveCfg = Release|Any CPU
		{D861E815-2F93-4BC1-A82B-4FC3D2FF64B7}.Release|Any CPU.Build.0 = Release|Any CPU
		{88584E8B-A40F-4F35-9343-D4609A3EB437}.Debug|Any CPU.ActiveCfg = Debug|Any CPU
		{88584E8B-A40F-4F35-9343-D4609A3EB437}.Debug|Any CPU.Build.0 = Debug|Any CPU
		{88584E8B-A40F-4F35-9343-D4609A3EB437}.Release|Any CPU.ActiveCfg = Release|Any CPU
		{88584E8B-A40F-4F35-9343-D4609A3EB437}.Release|Any CPU.Build.0 = Release|Any CPU
	EndGlobalSection
	GlobalSection(SolutionProperties) = preSolution
		HideSolutionNode = FALSE
	EndGlobalSection
	GlobalSection(ExtensibilityGlobals) = postSolution
		SolutionGuid = {27203A61-9AE7-4B93-808A-0531FF6A068A}
	EndGlobalSection
EndGlobal
